// !$*UTF8*$!
{
	archiveVersion = 1;
	classes = {
	};
	objectVersion = 56;
	objects = {

/* Begin PBXBuildFile section */
		65380E9C2DCDF9CB00102311 /* Home_security_5App.swift in Sources */ = {isa = PBXBuildFile; fileRef = 65380E9B2DCDF9CB00102311 /* Home_security_5App.swift */; };
		65380EA02DCDF9CE00102311 /* Assets.xcassets in Resources */ = {isa = PBXBuildFile; fileRef = 65380E9F2DCDF9CE00102311 /* Assets.xcassets */; };
		65380EA32DCDF9CE00102311 /* Preview Assets.xcassets in Resources */ = {isa = PBXBuildFile; fileRef = 65380EA22DCDF9CE00102311 /* Preview Assets.xcassets */; };
		65380EAD2DCDF9CE00102311 /* Home_security_5Tests.swift in Sources */ = {isa = PBXBuildFile; fileRef = 65380EAC2DCDF9CE00102311 /* Home_security_5Tests.swift */; };
		65380EB72DCDF9CE00102311 /* Home_security_5UITests.swift in Sources */ = {isa = PBXBuildFile; fileRef = 65380EB62DCDF9CE00102311 /* Home_security_5UITests.swift */; };
		65380EB92DCDF9CE00102311 /* Home_security_5UITestsLaunchTests.swift in Sources */ = {isa = PBXBuildFile; fileRef = 65380EB82DCDF9CE00102311 /* Home_security_5UITestsLaunchTests.swift */; };
		65380ECA2DCDFA1100102311 /* MainView.swift in Sources */ = {isa = PBXBuildFile; fileRef = 65380EC72DCDFA0F00102311 /* MainView.swift */; };
		65380ECC2DCDFA1100102311 /* LoginView.swift in Sources */ = {isa = PBXBuildFile; fileRef = 65380EC92DCDFA1100102311 /* LoginView.swift */; };
		65C035532DF186A700F9ECA9 /* CameraView.swift in Sources */ = {isa = PBXBuildFile; fileRef = 65C035522DF186A600F9ECA9 /* CameraView.swift */; };
		65C035552DF186D400F9ECA9 /* DevicesView.swift in Sources */ = {isa = PBXBuildFile; fileRef = 65C035542DF186D400F9ECA9 /* DevicesView.swift */; };
		65C035572DF1871400F9ECA9 /* SettingsView.swift in Sources */ = {isa = PBXBuildFile; fileRef = 65C035562DF1871400F9ECA9 /* SettingsView.swift */; };
		65C035592DF18CC400F9ECA9 /* DeviceModel.swift in Sources */ = {isa = PBXBuildFile; fileRef = 65C035582DF18CC400F9ECA9 /* DeviceModel.swift */; };
		65C0355B2DF18D1500F9ECA9 /* AddDeviceView.swift in Sources */ = {isa = PBXBuildFile; fileRef = 65C0355A2DF18D1500F9ECA9 /* AddDeviceView.swift */; };
		65C0355D2DF18E2800F9ECA9 /* SignupView.swift in Sources */ = {isa = PBXBuildFile; fileRef = 65C0355C2DF18E2800F9ECA9 /* SignupView.swift */; };
		65C0355F2DF18E9D00F9ECA9 /* AuthViewModel.swift in Sources */ = {isa = PBXBuildFile; fileRef = 65C0355E2DF18E9D00F9ECA9 /* AuthViewModel.swift */; };
		65CB45532DCE009D00988BF6 /* ContentView.swift in Sources */ = {isa = PBXBuildFile; fileRef = 65CB45522DCE009D00988BF6 /* ContentView.swift */; };
/* End PBXBuildFile section */

/* Begin PBXContainerItemProxy section */
		65380EA92DCDF9CE00102311 /* PBXContainerItemProxy */ = {
			isa = PBXContainerItemProxy;
			containerPortal = 65380E902DCDF9CA00102311 /* Project object */;
			proxyType = 1;
			remoteGlobalIDString = 65380E972DCDF9CB00102311;
			remoteInfo = "Home security 5";
		};
		65380EB32DCDF9CE00102311 /* PBXContainerItemProxy */ = {
			isa = PBXContainerItemProxy;
			containerPortal = 65380E902DCDF9CA00102311 /* Project object */;
			proxyType = 1;
			remoteGlobalIDString = 65380E972DCDF9CB00102311;
			remoteInfo = "Home security 5";
		};
/* End PBXContainerItemProxy section */

/* Begin PBXFileReference section */
		65380E982DCDF9CB00102311 /* Home security 5.app */ = {isa = PBXFileReference; explicitFileType = wrapper.application; includeInIndex = 0; path = "Home security 5.app"; sourceTree = BUILT_PRODUCTS_DIR; };
		65380E9B2DCDF9CB00102311 /* Home_security_5App.swift */ = {isa = PBXFileReference; lastKnownFileType = sourcecode.swift; path = Home_security_5App.swift; sourceTree = "<group>"; };
		65380E9F2DCDF9CE00102311 /* Assets.xcassets */ = {isa = PBXFileReference; lastKnownFileType = folder.assetcatalog; path = Assets.xcassets; sourceTree = "<group>"; };
		65380EA22DCDF9CE00102311 /* Preview Assets.xcassets */ = {isa = PBXFileReference; lastKnownFileType = folder.assetcatalog; path = "Preview Assets.xcassets"; sourceTree = "<group>"; };
		65380EA82DCDF9CE00102311 /* Home security 5Tests.xctest */ = {isa = PBXFileReference; explicitFileType = wrapper.cfbundle; includeInIndex = 0; path = "Home security 5Tests.xctest"; sourceTree = BUILT_PRODUCTS_DIR; };
		65380EAC2DCDF9CE00102311 /* Home_security_5Tests.swift */ = {isa = PBXFileReference; lastKnownFileType = sourcecode.swift; path = Home_security_5Tests.swift; sourceTree = "<group>"; };
		65380EB22DCDF9CE00102311 /* Home security 5UITests.xctest */ = {isa = PBXFileReference; explicitFileType = wrapper.cfbundle; includeInIndex = 0; path = "Home security 5UITests.xctest"; sourceTree = BUILT_PRODUCTS_DIR; };
		65380EB62DCDF9CE00102311 /* Home_security_5UITests.swift */ = {isa = PBXFileReference; lastKnownFileType = sourcecode.swift; path = Home_security_5UITests.swift; sourceTree = "<group>"; };
		65380EB82DCDF9CE00102311 /* Home_security_5UITestsLaunchTests.swift */ = {isa = PBXFileReference; lastKnownFileType = sourcecode.swift; path = Home_security_5UITestsLaunchTests.swift; sourceTree = "<group>"; };
		65380EC72DCDFA0F00102311 /* MainView.swift */ = {isa = PBXFileReference; fileEncoding = 4; lastKnownFileType = sourcecode.swift; path = MainView.swift; sourceTree = "<group>"; };
		65380EC92DCDFA1100102311 /* LoginView.swift */ = {isa = PBXFileReference; fileEncoding = 4; lastKnownFileType = sourcecode.swift; path = LoginView.swift; sourceTree = "<group>"; };
		65C035522DF186A600F9ECA9 /* CameraView.swift */ = {isa = PBXFileReference; lastKnownFileType = sourcecode.swift; path = CameraView.swift; sourceTree = "<group>"; };
		65C035542DF186D400F9ECA9 /* DevicesView.swift */ = {isa = PBXFileReference; lastKnownFileType = sourcecode.swift; path = DevicesView.swift; sourceTree = "<group>"; };
		65C035562DF1871400F9ECA9 /* SettingsView.swift */ = {isa = PBXFileReference; lastKnownFileType = sourcecode.swift; path = SettingsView.swift; sourceTree = "<group>"; };
		65C035582DF18CC400F9ECA9 /* DeviceModel.swift */ = {isa = PBXFileReference; lastKnownFileType = sourcecode.swift; path = DeviceModel.swift; sourceTree = "<group>"; };
		65C0355A2DF18D1500F9ECA9 /* AddDeviceView.swift */ = {isa = PBXFileReference; lastKnownFileType = sourcecode.swift; path = AddDeviceView.swift; sourceTree = "<group>"; };
		65C0355C2DF18E2800F9ECA9 /* SignupView.swift */ = {isa = PBXFileReference; lastKnownFileType = sourcecode.swift; path = SignupView.swift; sourceTree = "<group>"; };
		65C0355E2DF18E9D00F9ECA9 /* AuthViewModel.swift */ = {isa = PBXFileReference; lastKnownFileType = sourcecode.swift; path = AuthViewModel.swift; sourceTree = "<group>"; };
		65CB45522DCE009D00988BF6 /* ContentView.swift */ = {isa = PBXFileReference; fileEncoding = 4; lastKnownFileType = sourcecode.swift; name = ContentView.swift; path = HomeSecurityApp/ContentView.swift; sourceTree = SOURCE_ROOT; };
/* End PBXFileReference section */

/* Begin PBXFrameworksBuildPhase section */
		65380E952DCDF9CB00102311 /* Frameworks */ = {
			isa = PBXFrameworksBuildPhase;
			buildActionMask = 2147483647;
			files = (
			);
			runOnlyForDeploymentPostprocessing = 0;
		};
		65380EA52DCDF9CE00102311 /* Frameworks */ = {
			isa = PBXFrameworksBuildPhase;
			buildActionMask = 2147483647;
			files = (
			);
			runOnlyForDeploymentPostprocessing = 0;
		};
		65380EAF2DCDF9CE00102311 /* Frameworks */ = {
			isa = PBXFrameworksBuildPhase;
			buildActionMask = 2147483647;
			files = (
			);
			runOnlyForDeploymentPostprocessing = 0;
		};
/* End PBXFrameworksBuildPhase section */

/* Begin PBXGroup section */
		65380E8F2DCDF9CA00102311 = {
			isa = PBXGroup;
			children = (
				65380E9A2DCDF9CB00102311 /* Home security 5 */,
				65380EAB2DCDF9CE00102311 /* Home security 5Tests */,
				65380EB52DCDF9CE00102311 /* Home security 5UITests */,
				65380E992DCDF9CB00102311 /* Products */,
			);
			sourceTree = "<group>";
		};
		65380E992DCDF9CB00102311 /* Products */ = {
			isa = PBXGroup;
			children = (
				65380E982DCDF9CB00102311 /* Home security 5.app */,
				65380EA82DCDF9CE00102311 /* Home security 5Tests.xctest */,
				65380EB22DCDF9CE00102311 /* Home security 5UITests.xctest */,
			);
			name = Products;
			sourceTree = "<group>";
		};
		65380E9A2DCDF9CB00102311 /* Home security 5 */ = {
			isa = PBXGroup;
			children = (
				65380E9B2DCDF9CB00102311 /* Home_security_5App.swift */,
				65CB45522DCE009D00988BF6 /* ContentView.swift */,
				65380EC92DCDFA1100102311 /* LoginView.swift */,
				65C0355C2DF18E2800F9ECA9 /* SignupView.swift */,
				65380EC72DCDFA0F00102311 /* MainView.swift */,
				65C035522DF186A600F9ECA9 /* CameraView.swift */,
				65C035542DF186D400F9ECA9 /* DevicesView.swift */,
				65C035562DF1871400F9ECA9 /* SettingsView.swift */,
				65C035582DF18CC400F9ECA9 /* DeviceModel.swift */,
				65C0355A2DF18D1500F9ECA9 /* AddDeviceView.swift */,
				65C0355E2DF18E9D00F9ECA9 /* AuthViewModel.swift */,
				65380E9F2DCDF9CE00102311 /* Assets.xcassets */,
				65380EA12DCDF9CE00102311 /* Preview Content */,
			);
			path = "Home security 5";
			sourceTree = "<group>";
		};
		65380EA12DCDF9CE00102311 /* Preview Content */ = {
			isa = PBXGroup;
			children = (
				65380EA22DCDF9CE00102311 /* Preview Assets.xcassets */,
			);
			path = "Preview Content";
			sourceTree = "<group>";
		};
		65380EAB2DCDF9CE00102311 /* Home security 5Tests */ = {
			isa = PBXGroup;
			children = (
				65380EAC2DCDF9CE00102311 /* Home_security_5Tests.swift */,
			);
			path = "Home security 5Tests";
			sourceTree = "<group>";
		};
		65380EB52DCDF9CE00102311 /* Home security 5UITests */ = {
			isa = PBXGroup;
			children = (
				65380EB62DCDF9CE00102311 /* Home_security_5UITests.swift */,
				65380EB82DCDF9CE00102311 /* Home_security_5UITestsLaunchTests.swift */,
			);
			path = "Home security 5UITests";
			sourceTree = "<group>";
		};
/* End PBXGroup section */

/* Begin PBXNativeTarget section */
		65380E972DCDF9CB00102311 /* Home security 5 */ = {
			isa = PBXNativeTarget;
			buildConfigurationList = 65380EBC2DCDF9CE00102311 /* Build configuration list for PBXNativeTarget "Home security 5" */;
			buildPhases = (
				65380E942DCDF9CB00102311 /* Sources */,
				65380E952DCDF9CB00102311 /* Frameworks */,
				65380E962DCDF9CB00102311 /* Resources */,
			);
			buildRules = (
			);
			dependencies = (
			);
			name = "Home security 5";
			productName = "Home security 5";
			productReference = 65380E982DCDF9CB00102311 /* Home security 5.app */;
			productType = "com.apple.product-type.application";
		};
		65380EA72DCDF9CE00102311 /* Home security 5Tests */ = {
			isa = PBXNativeTarget;
			buildConfigurationList = 65380EBF2DCDF9CE00102311 /* Build configuration list for PBXNativeTarget "Home security 5Tests" */;
			buildPhases = (
				65380EA42DCDF9CE00102311 /* Sources */,
				65380EA52DCDF9CE00102311 /* Frameworks */,
				65380EA62DCDF9CE00102311 /* Resources */,
			);
			buildRules = (
			);
			dependencies = (
				65380EAA2DCDF9CE00102311 /* PBXTargetDependency */,
			);
			name = "Home security 5Tests";
			productName = "Home security 5Tests";
			productReference = 65380EA82DCDF9CE00102311 /* Home security 5Tests.xctest */;
			productType = "com.apple.product-type.bundle.unit-test";
		};
		65380EB12DCDF9CE00102311 /* Home security 5UITests */ = {
			isa = PBXNativeTarget;
			buildConfigurationList = 65380EC22DCDF9CE00102311 /* Build configuration list for PBXNativeTarget "Home security 5UITests" */;
			buildPhases = (
				65380EAE2DCDF9CE00102311 /* Sources */,
				65380EAF2DCDF9CE00102311 /* Frameworks */,
				65380EB02DCDF9CE00102311 /* Resources */,
			);
			buildRules = (
			);
			dependencies = (
				65380EB42DCDF9CE00102311 /* PBXTargetDependency */,
			);
			name = "Home security 5UITests";
			productName = "Home security 5UITests";
			productReference = 65380EB22DCDF9CE00102311 /* Home security 5UITests.xctest */;
			productType = "com.apple.product-type.bundle.ui-testing";
		};
/* End PBXNativeTarget section */

/* Begin PBXProject section */
		65380E902DCDF9CA00102311 /* Project object */ = {
			isa = PBXProject;
			attributes = {
				BuildIndependentTargetsInParallel = 1;
				LastSwiftUpdateCheck = 1540;
				LastUpgradeCheck = 1540;
				TargetAttributes = {
					65380E972DCDF9CB00102311 = {
						CreatedOnToolsVersion = 15.4;
					};
					65380EA72DCDF9CE00102311 = {
						CreatedOnToolsVersion = 15.4;
						TestTargetID = 65380E972DCDF9CB00102311;
					};
					65380EB12DCDF9CE00102311 = {
						CreatedOnToolsVersion = 15.4;
						TestTargetID = 65380E972DCDF9CB00102311;
					};
				};
			};
			buildConfigurationList = 65380E932DCDF9CA00102311 /* Build configuration list for PBXProject "Home security 5" */;
			compatibilityVersion = "Xcode 14.0";
			developmentRegion = en;
			hasScannedForEncodings = 0;
			knownRegions = (
				en,
				Base,
			);
			mainGroup = 65380E8F2DCDF9CA00102311;
			productRefGroup = 65380E992DCDF9CB00102311 /* Products */;
			projectDirPath = "";
			projectRoot = "";
			targets = (
				65380E972DCDF9CB00102311 /* Home security 5 */,
				65380EA72DCDF9CE00102311 /* Home security 5Tests */,
				65380EB12DCDF9CE00102311 /* Home security 5UITests */,
			);
		};
/* End PBXProject section */

/* Begin PBXResourcesBuildPhase section */
		65380E962DCDF9CB00102311 /* Resources */ = {
			isa = PBXResourcesBuildPhase;
			buildActionMask = 2147483647;
			files = (
				65380EA32DCDF9CE00102311 /* Preview Assets.xcassets in Resources */,
				65380EA02DCDF9CE00102311 /* Assets.xcassets in Resources */,
			);
			runOnlyForDeploymentPostprocessing = 0;
		};
		65380EA62DCDF9CE00102311 /* Resources */ = {
			isa = PBXResourcesBuildPhase;
			buildActionMask = 2147483647;
			files = (
			);
			runOnlyForDeploymentPostprocessing = 0;
		};
		65380EB02DCDF9CE00102311 /* Resources */ = {
			isa = PBXResourcesBuildPhase;
			buildActionMask = 2147483647;
			files = (
			);
			runOnlyForDeploymentPostprocessing = 0;
		};
/* End PBXResourcesBuildPhase section */

/* Begin PBXSourcesBuildPhase section */
		65380E942DCDF9CB00102311 /* Sources */ = {
			isa = PBXSourcesBuildPhase;
			buildActionMask = 2147483647;
			files = (
				65C035572DF1871400F9ECA9 /* SettingsView.swift in Sources */,
				65C035552DF186D400F9ECA9 /* DevicesView.swift in Sources */,
				65380ECA2DCDFA1100102311 /* MainView.swift in Sources */,
				65CB45532DCE009D00988BF6 /* ContentView.swift in Sources */,
				65C0355D2DF18E2800F9ECA9 /* SignupView.swift in Sources */,
				65380ECC2DCDFA1100102311 /* LoginView.swift in Sources */,
				65C035592DF18CC400F9ECA9 /* DeviceModel.swift in Sources */,
				65C0355F2DF18E9D00F9ECA9 /* AuthViewModel.swift in Sources */,
				65C0355B2DF18D1500F9ECA9 /* AddDeviceView.swift in Sources */,
				65C035532DF186A700F9ECA9 /* CameraView.swift in Sources */,
				65380E9C2DCDF9CB00102311 /* Home_security_5App.swift in Sources */,
			);
			runOnlyForDeploymentPostprocessing = 0;
		};
		65380EA42DCDF9CE00102311 /* Sources */ = {
			isa = PBXSourcesBuildPhase;
			buildActionMask = 2147483647;
			files = (
				65380EAD2DCDF9CE00102311 /* Home_security_5Tests.swift in Sources */,
			);
			runOnlyForDeploymentPostprocessing = 0;
		};
		65380EAE2DCDF9CE00102311 /* Sources */ = {
			isa = PBXSourcesBuildPhase;
			buildActionMask = 2147483647;
			files = (
				65380EB72DCDF9CE00102311 /* Home_security_5UITests.swift in Sources */,
				65380EB92DCDF9CE00102311 /* Home_security_5UITestsLaunchTests.swift in Sources */,
			);
			runOnlyForDeploymentPostprocessing = 0;
		};
/* End PBXSourcesBuildPhase section */

/* Begin PBXTargetDependency section */
		65380EAA2DCDF9CE00102311 /* PBXTargetDependency */ = {
			isa = PBXTargetDependency;
			target = 65380E972DCDF9CB00102311 /* Home security 5 */;
			targetProxy = 65380EA92DCDF9CE00102311 /* PBXContainerItemProxy */;
		};
		65380EB42DCDF9CE00102311 /* PBXTargetDependency */ = {
			isa = PBXTargetDependency;
			target = 65380E972DCDF9CB00102311 /* Home security 5 */;
			targetProxy = 65380EB32DCDF9CE00102311 /* PBXContainerItemProxy */;
		};
/* End PBXTargetDependency section */

/* Begin XCBuildConfiguration section */
		65380EBA2DCDF9CE00102311 /* Debug */ = {
			isa = XCBuildConfiguration;
			buildSettings = {
				ALWAYS_SEARCH_USER_PATHS = NO;
				ASSETCATALOG_COMPILER_GENERATE_SWIFT_ASSET_SYMBOL_EXTENSIONS = YES;
				CLANG_ANALYZER_NONNULL = YES;
				CLANG_ANALYZER_NUMBER_OBJECT_CONVERSION = YES_AGGRESSIVE;
				CLANG_CXX_LANGUAGE_STANDARD = "gnu++20";
				CLANG_ENABLE_MODULES = YES;
				CLANG_ENABLE_OBJC_ARC = YES;
				CLANG_ENABLE_OBJC_WEAK = YES;
				CLANG_WARN_BLOCK_CAPTURE_AUTORELEASING = YES;
				CLANG_WARN_BOOL_CONVERSION = YES;
				CLANG_WARN_COMMA = YES;
				CLANG_WARN_CONSTANT_CONVERSION = YES;
				CLANG_WARN_DEPRECATED_OBJC_IMPLEMENTATIONS = YES;
				CLANG_WARN_DIRECT_OBJC_ISA_USAGE = YES_ERROR;
				CLANG_WARN_DOCUMENTATION_COMMENTS = YES;
				CLANG_WARN_EMPTY_BODY = YES;
				CLANG_WARN_ENUM_CONVERSION = YES;
				CLANG_WARN_INFINITE_RECURSION = YES;
				CLANG_WARN_INT_CONVERSION = YES;
				CLANG_WARN_NON_LITERAL_NULL_CONVERSION = YES;
				CLANG_WARN_OBJC_IMPLICIT_RETAIN_SELF = YES;
				CLANG_WARN_OBJC_LITERAL_CONVERSION = YES;
				CLANG_WARN_OBJC_ROOT_CLASS = YES_ERROR;
				CLANG_WARN_QUOTED_INCLUDE_IN_FRAMEWORK_HEADER = YES;
				CLANG_WARN_RANGE_LOOP_ANALYSIS = YES;
				CLANG_WARN_STRICT_PROTOTYPES = YES;
				CLANG_WARN_SUSPICIOUS_MOVE = YES;
				CLANG_WARN_UNGUARDED_AVAILABILITY = YES_AGGRESSIVE;
				CLANG_WARN_UNREACHABLE_CODE = YES;
				CLANG_WARN__DUPLICATE_METHOD_MATCH = YES;
				COPY_PHASE_STRIP = NO;
				DEBUG_INFORMATION_FORMAT = dwarf;
				ENABLE_STRICT_OBJC_MSGSEND = YES;
				ENABLE_TESTABILITY = YES;
				ENABLE_USER_SCRIPT_SANDBOXING = YES;
				GCC_C_LANGUAGE_STANDARD = gnu17;
				GCC_DYNAMIC_NO_PIC = NO;
				GCC_NO_COMMON_BLOCKS = YES;
				GCC_OPTIMIZATION_LEVEL = 0;
				GCC_PREPROCESSOR_DEFINITIONS = (
					"DEBUG=1",
					"$(inherited)",
				);
				GCC_WARN_64_TO_32_BIT_CONVERSION = YES;
				GCC_WARN_ABOUT_RETURN_TYPE = YES_ERROR;
				GCC_WARN_UNDECLARED_SELECTOR = YES;
				GCC_WARN_UNINITIALIZED_AUTOS = YES_AGGRESSIVE;
				GCC_WARN_UNUSED_FUNCTION = YES;
				GCC_WARN_UNUSED_VARIABLE = YES;
				IPHONEOS_DEPLOYMENT_TARGET = 17.5;
				LOCALIZATION_PREFERS_STRING_CATALOGS = YES;
				MTL_ENABLE_DEBUG_INFO = INCLUDE_SOURCE;
				MTL_FAST_MATH = YES;
				ONLY_ACTIVE_ARCH = YES;
				SDKROOT = iphoneos;
				SWIFT_ACTIVE_COMPILATION_CONDITIONS = "DEBUG $(inherited)";
				SWIFT_OPTIMIZATION_LEVEL = "-Onone";
			};
			name = Debug;
		};
		65380EBB2DCDF9CE00102311 /* Release */ = {
			isa = XCBuildConfiguration;
			buildSettings = {
				ALWAYS_SEARCH_USER_PATHS = NO;
				ASSETCATALOG_COMPILER_GENERATE_SWIFT_ASSET_SYMBOL_EXTENSIONS = YES;
				CLANG_ANALYZER_NONNULL = YES;
				CLANG_ANALYZER_NUMBER_OBJECT_CONVERSION = YES_AGGRESSIVE;
				CLANG_CXX_LANGUAGE_STANDARD = "gnu++20";
				CLANG_ENABLE_MODULES = YES;
				CLANG_ENABLE_OBJC_ARC = YES;
				CLANG_ENABLE_OBJC_WEAK = YES;
				CLANG_WARN_BLOCK_CAPTURE_AUTORELEASING = YES;
				CLANG_WARN_BOOL_CONVERSION = YES;
				CLANG_WARN_COMMA = YES;
				CLANG_WARN_CONSTANT_CONVERSION = YES;
				CLANG_WARN_DEPRECATED_OBJC_IMPLEMENTATIONS = YES;
				CLANG_WARN_DIRECT_OBJC_ISA_USAGE = YES_ERROR;
				CLANG_WARN_DOCUMENTATION_COMMENTS = YES;
				CLANG_WARN_EMPTY_BODY = YES;
				CLANG_WARN_ENUM_CONVERSION = YES;
				CLANG_WARN_INFINITE_RECURSION = YES;
				CLANG_WARN_INT_CONVERSION = YES;
				CLANG_WARN_NON_LITERAL_NULL_CONVERSION = YES;
				CLANG_WARN_OBJC_IMPLICIT_RETAIN_SELF = YES;
				CLANG_WARN_OBJC_LITERAL_CONVERSION = YES;
				CLANG_WARN_OBJC_ROOT_CLASS = YES_ERROR;
				CLANG_WARN_QUOTED_INCLUDE_IN_FRAMEWORK_HEADER = YES;
				CLANG_WARN_RANGE_LOOP_ANALYSIS = YES;
				CLANG_WARN_STRICT_PROTOTYPES = YES;
				CLANG_WARN_SUSPICIOUS_MOVE = YES;
				CLANG_WARN_UNGUARDED_AVAILABILITY = YES_AGGRESSIVE;
				CLANG_WARN_UNREACHABLE_CODE = YES;
				CLANG_WARN__DUPLICATE_METHOD_MATCH = YES;
				COPY_PHASE_STRIP = NO;
				DEBUG_INFORMATION_FORMAT = "dwarf-with-dsym";
				ENABLE_NS_ASSERTIONS = NO;
				ENABLE_STRICT_OBJC_MSGSEND = YES;
				ENABLE_USER_SCRIPT_SANDBOXING = YES;
				GCC_C_LANGUAGE_STANDARD = gnu17;
				GCC_NO_COMMON_BLOCKS = YES;
				GCC_WARN_64_TO_32_BIT_CONVERSION = YES;
				GCC_WARN_ABOUT_RETURN_TYPE = YES_ERROR;
				GCC_WARN_UNDECLARED_SELECTOR = YES;
				GCC_WARN_UNINITIALIZED_AUTOS = YES_AGGRESSIVE;
				GCC_WARN_UNUSED_FUNCTION = YES;
				GCC_WARN_UNUSED_VARIABLE = YES;
				IPHONEOS_DEPLOYMENT_TARGET = 17.5;
				LOCALIZATION_PREFERS_STRING_CATALOGS = YES;
				MTL_ENABLE_DEBUG_INFO = NO;
				MTL_FAST_MATH = YES;
				SDKROOT = iphoneos;
				SWIFT_COMPILATION_MODE = wholemodule;
				VALIDATE_PRODUCT = YES;
			};
			name = Release;
		};
		65380EBD2DCDF9CE00102311 /* Debug */ = {
			isa = XCBuildConfiguration;
			buildSettings = {
				ASSETCATALOG_COMPILER_APPICON_NAME = AppIcon;
				ASSETCATALOG_COMPILER_GLOBAL_ACCENT_COLOR_NAME = AccentColor;
				CODE_SIGN_STYLE = Automatic;
				CURRENT_PROJECT_VERSION = 1;
				DEVELOPMENT_ASSET_PATHS = "\"Home security 5/Preview Content\"";
				ENABLE_PREVIEWS = YES;
				GENERATE_INFOPLIST_FILE = YES;
				INFOPLIST_KEY_UIApplicationSceneManifest_Generation = YES;
				INFOPLIST_KEY_UIApplicationSupportsIndirectInputEvents = YES;
				INFOPLIST_KEY_UILaunchScreen_Generation = YES;
				INFOPLIST_KEY_UISupportedInterfaceOrientations_iPad = "UIInterfaceOrientationPortrait UIInterfaceOrientationPortraitUpsideDown UIInterfaceOrientationLandscapeLeft UIInterfaceOrientationLandscapeRight";
				INFOPLIST_KEY_UISupportedInterfaceOrientations_iPhone = "UIInterfaceOrientationPortrait UIInterfaceOrientationLandscapeLeft UIInterfaceOrientationLandscapeRight";
				LD_RUNPATH_SEARCH_PATHS = (
					"$(inherited)",
					"@executable_path/Frameworks",
				);
				MARKETING_VERSION = 1.0;
				PRODUCT_BUNDLE_IDENTIFIER = "e.Home-security-5";
				PRODUCT_NAME = "$(TARGET_NAME)";
				SWIFT_EMIT_LOC_STRINGS = YES;
				SWIFT_VERSION = 5.0;
				TARGETED_DEVICE_FAMILY = "1,2";
			};
			name = Debug;
		};
		65380EBE2DCDF9CE00102311 /* Release */ = {
			isa = XCBuildConfiguration;
			buildSettings = {
				ASSETCATALOG_COMPILER_APPICON_NAME = AppIcon;
				ASSETCATALOG_COMPILER_GLOBAL_ACCENT_COLOR_NAME = AccentColor;
				CODE_SIGN_STYLE = Automatic;
				CURRENT_PROJECT_VERSION = 1;
				DEVELOPMENT_ASSET_PATHS = "\"Home security 5/Preview Content\"";
				ENABLE_PREVIEWS = YES;
				GENERATE_INFOPLIST_FILE = YES;
				INFOPLIST_KEY_UIApplicationSceneManifest_Generation = YES;
				INFOPLIST_KEY_UIApplicationSupportsIndirectInputEvents = YES;
				INFOPLIST_KEY_UILaunchScreen_Generation = YES;
				INFOPLIST_KEY_UISupportedInterfaceOrientations_iPad = "UIInterfaceOrientationPortrait UIInterfaceOrientationPortraitUpsideDown UIInterfaceOrientationLandscapeLeft UIInterfaceOrientationLandscapeRight";
				INFOPLIST_KEY_UISupportedInterfaceOrientations_iPhone = "UIInterfaceOrientationPortrait UIInterfaceOrientationLandscapeLeft UIInterfaceOrientationLandscapeRight";
				LD_RUNPATH_SEARCH_PATHS = (
					"$(inherited)",
					"@executable_path/Frameworks",
				);
				MARKETING_VERSION = 1.0;
				PRODUCT_BUNDLE_IDENTIFIER = "e.Home-security-5";
				PRODUCT_NAME = "$(TARGET_NAME)";
				SWIFT_EMIT_LOC_STRINGS = YES;
				SWIFT_VERSION = 5.0;
				TARGETED_DEVICE_FAMILY = "1,2";
			};
			name = Release;
		};
		65380EC02DCDF9CE00102311 /* Debug */ = {
			isa = XCBuildConfiguration;
			buildSettings = {
				ALWAYS_EMBED_SWIFT_STANDARD_LIBRARIES = YES;
				BUNDLE_LOADER = "$(TEST_HOST)";
				CODE_SIGN_STYLE = Automatic;
				CURRENT_PROJECT_VERSION = 1;
				GENERATE_INFOPLIST_FILE = YES;
				IPHONEOS_DEPLOYMENT_TARGET = 17.5;
				MARKETING_VERSION = 1.0;
				PRODUCT_BUNDLE_IDENTIFIER = "e.Home-security-5Tests";
				PRODUCT_NAME = "$(TARGET_NAME)";
				SWIFT_EMIT_LOC_STRINGS = NO;
				SWIFT_VERSION = 5.0;
				TARGETED_DEVICE_FAMILY = "1,2";
				TEST_HOST = "$(BUILT_PRODUCTS_DIR)/Home security 5.app/$(BUNDLE_EXECUTABLE_FOLDER_PATH)/Home security 5";
			};
			name = Debug;
		};
		65380EC12DCDF9CE00102311 /* Release */ = {
			isa = XCBuildConfiguration;
			buildSettings = {
				ALWAYS_EMBED_SWIFT_STANDARD_LIBRARIES = YES;
				BUNDLE_LOADER = "$(TEST_HOST)";
				CODE_SIGN_STYLE = Automatic;
				CURRENT_PROJECT_VERSION = 1;
				GENERATE_INFOPLIST_FILE = YES;
				IPHONEOS_DEPLOYMENT_TARGET = 17.5;
				MARKETING_VERSION = 1.0;
				PRODUCT_BUNDLE_IDENTIFIER = "e.Home-security-5Tests";
				PRODUCT_NAME = "$(TARGET_NAME)";
				SWIFT_EMIT_LOC_STRINGS = NO;
				SWIFT_VERSION = 5.0;
				TARGETED_DEVICE_FAMILY = "1,2";
				TEST_HOST = "$(BUILT_PRODUCTS_DIR)/Home security 5.app/$(BUNDLE_EXECUTABLE_FOLDER_PATH)/Home security 5";
			};
			name = Release;
		};
		65380EC32DCDF9CE00102311 /* Debug */ = {
			isa = XCBuildConfiguration;
			buildSettings = {
				ALWAYS_EMBED_SWIFT_STANDARD_LIBRARIES = YES;
				CODE_SIGN_STYLE = Automatic;
				CURRENT_PROJECT_VERSION = 1;
				GENERATE_INFOPLIST_FILE = YES;
				MARKETING_VERSION = 1.0;
				PRODUCT_BUNDLE_IDENTIFIER = "e.Home-security-5UITests";
				PRODUCT_NAME = "$(TARGET_NAME)";
				SWIFT_EMIT_LOC_STRINGS = NO;
				SWIFT_VERSION = 5.0;
				TARGETED_DEVICE_FAMILY = "1,2";
				TEST_TARGET_NAME = "Home security 5";
			};
			name = Debug;
		};
		65380EC42DCDF9CE00102311 /* Release */ = {
			isa = XCBuildConfiguration;
			buildSettings = {
				ALWAYS_EMBED_SWIFT_STANDARD_LIBRARIES = YES;
				CODE_SIGN_STYLE = Automatic;
				CURRENT_PROJECT_VERSION = 1;
				GENERATE_INFOPLIST_FILE = YES;
				MARKETING_VERSION = 1.0;
				PRODUCT_BUNDLE_IDENTIFIER = "e.Home-security-5UITests";
				PRODUCT_NAME = "$(TARGET_NAME)";
				SWIFT_EMIT_LOC_STRINGS = NO;
				SWIFT_VERSION = 5.0;
				TARGETED_DEVICE_FAMILY = "1,2";
				TEST_TARGET_NAME = "Home security 5";
			};
			name = Release;
		};
/* End XCBuildConfiguration section */

/* Begin XCConfigurationList section */
		65380E932DCDF9CA00102311 /* Build configuration list for PBXProject "Home security 5" */ = {
			isa = XCConfigurationList;
			buildConfigurations = (
				65380EBA2DCDF9CE00102311 /* Debug */,
				65380EBB2DCDF9CE00102311 /* Release */,
			);
			defaultConfigurationIsVisible = 0;
			defaultConfigurationName = Release;
		};
		65380EBC2DCDF9CE00102311 /* Build configuration list for PBXNativeTarget "Home security 5" */ = {
			isa = XCConfigurationList;
			buildConfigurations = (
				65380EBD2DCDF9CE00102311 /* Debug */,
				65380EBE2DCDF9CE00102311 /* Release */,
			);
			defaultConfigurationIsVisible = 0;
			defaultConfigurationName = Release;
		};
		65380EBF2DCDF9CE00102311 /* Build configuration list for PBXNativeTarget "Home security 5Tests" */ = {
			isa = XCConfigurationList;
			buildConfigurations = (
				65380EC02DCDF9CE00102311 /* Debug */,
				65380EC12DCDF9CE00102311 /* Release */,
			);
			defaultConfigurationIsVisible = 0;
			defaultConfigurationName = Release;
		};
		65380EC22DCDF9CE00102311 /* Build configuration list for PBXNativeTarget "Home security 5UITests" */ = {
			isa = XCConfigurationList;
			buildConfigurations = (
				65380EC32DCDF9CE00102311 /* Debug */,
				65380EC42DCDF9CE00102311 /* Release */,
			);
			defaultConfigurationIsVisible = 0;
			defaultConfigurationName = Release;
		};
/* End XCConfigurationList section */
	};
	rootObject = 65380E902DCDF9CA00102311 /* Project object */;
}
